
Microsoft Visual Studio Solution File, Format Version 12.00
# Visual Studio 2013
VisualStudioVersion = 12.0.21005.1
MinimumVisualStudioVersion = 10.0.40219.1
Project("{2150E333-8FDC-42A3-9474-1A3956D46DE8}") = "Core", "Core", "{CCD86AAD-284F-4C7F-AF41-22934F5C1D44}"
EndProject
Project("{2150E333-8FDC-42A3-9474-1A3956D46DE8}") = "UI", "UI", "{F9B74F8A-8237-493F-9539-860751AC7F38}"
EndProject
Project("{2150E333-8FDC-42A3-9474-1A3956D46DE8}") = "Test", "Test", "{748EB6C7-1817-41B7-9E77-D6E777FD7F95}"
EndProject
Project("{FAE04EC0-301F-11D3-BF4B-00C04F79EFBC}") = "Sunflower.Data", "Sunflower.Data\Sunflower.Data.csproj", "{41D28229-0265-42EF-8097-0CC81B3DF983}"
EndProject
Project("{FAE04EC0-301F-11D3-BF4B-00C04F79EFBC}") = "Sunflower.Core", "Sunflower.Core\Sunflower.Core.csproj", "{A705FDB1-AD10-415E-92A4-232FB996967E}"
EndProject
Project("{2150E333-8FDC-42A3-9474-1A3956D46DE8}") = "Business", "Business", "{5A8B2CC9-9529-46AE-A3D6-1C0510B17D24}"
EndProject
Project("{FAE04EC0-301F-11D3-BF4B-00C04F79EFBC}") = "Sunflower.Demo.Consoles", "Sunflower.Demo.Consoles\Sunflower.Demo.Consoles.csproj", "{72449D90-3F69-4215-BE40-78BD18ADF3EE}"
EndProject
Project("{FAE04EC0-301F-11D3-BF4B-00C04F79EFBC}") = "Sunflower.Demo.Core", "Sunflower.Demo.Core\Sunflower.Demo.Core.csproj", "{5998AD20-E731-40FE-A155-53531F45BC4D}"
EndProject
Project("{FAE04EC0-301F-11D3-BF4B-00C04F79EFBC}") = "Sunflower.Demo.Core.Data", "Sunflower.Demo.Core.Data\Sunflower.Demo.Core.Data.csproj", "{4AA0A921-D147-4435-8613-38F4241AA9D3}"
EndProject
Project("{FAE04EC0-301F-11D3-BF4B-00C04F79EFBC}") = "Sunflower.Demo.Core.Models", "Sunflower.Demo.Core.Models\Sunflower.Demo.Core.Models.csproj", "{B4759313-26C8-499B-AD4C-5C574332CC3D}"
EndProject
Project("{FAE04EC0-301F-11D3-BF4B-00C04F79EFBC}") = "SunflowerDemo.WebUI", "Sunflower.Demo.WebUI\SunflowerDemo.WebUI.csproj", "{A189E0BD-927E-4F04-9AF4-F3E98AFAA49F}"
EndProject
Global
	GlobalSection(SolutionConfigurationPlatforms) = preSolution
		Debug|Any CPU = Debug|Any CPU
		Release|Any CPU = Release|Any CPU
	EndGlobalSection
	GlobalSection(ProjectConfigurationPlatforms) = postSolution
		{41D28229-0265-42EF-8097-0CC81B3DF983}.Debug|Any CPU.ActiveCfg = Debug|Any CPU
		{41D28229-0265-42EF-8097-0CC81B3DF983}.Debug|Any CPU.Build.0 = Debug|Any CPU
		{41D28229-0265-42EF-8097-0CC81B3DF983}.Release|Any CPU.ActiveCfg = Release|Any CPU
		{41D28229-0265-42EF-8097-0CC81B3DF983}.Release|Any CPU.Build.0 = Release|Any CPU
		{A705FDB1-AD10-415E-92A4-232FB996967E}.Debug|Any CPU.ActiveCfg = Debug|Any CPU
		{A705FDB1-AD10-415E-92A4-232FB996967E}.Debug|Any CPU.Build.0 = Debug|Any CPU
		{A705FDB1-AD10-415E-92A4-232FB996967E}.Release|Any CPU.ActiveCfg = Release|Any CPU
		{A705FDB1-AD10-415E-92A4-232FB996967E}.Release|Any CPU.Build.0 = Release|Any CPU
		{72449D90-3F69-4215-BE40-78BD18ADF3EE}.Debug|Any CPU.ActiveCfg = Debug|Any CPU
		{72449D90-3F69-4215-BE40-78BD18ADF3EE}.Debug|Any CPU.Build.0 = Debug|Any CPU
		{72449D90-3F69-4215-BE40-78BD18ADF3EE}.Release|Any CPU.ActiveCfg = Release|Any CPU
		{72449D90-3F69-4215-BE40-78BD18ADF3EE}.Release|Any CPU.Build.0 = Release|Any CPU
		{5998AD20-E731-40FE-A155-53531F45BC4D}.Debug|Any CPU.ActiveCfg = Debug|Any CPU
		{5998AD20-E731-40FE-A155-53531F45BC4D}.Debug|Any CPU.Build.0 = Debug|Any CPU
		{5998AD20-E731-40FE-A155-53531F45BC4D}.Release|Any CPU.ActiveCfg = Release|Any CPU
		{5998AD20-E731-40FE-A155-53531F45BC4D}.Release|Any CPU.Build.0 = Release|Any CPU
		{4AA0A921-D147-4435-8613-38F4241AA9D3}.Debug|Any CPU.ActiveCfg = Debug|Any CPU
		{4AA0A921-D147-4435-8613-38F4241AA9D3}.Debug|Any CPU.Build.0 = Debug|Any CPU
		{4AA0A921-D147-4435-8613-38F4241AA9D3}.Release|Any CPU.ActiveCfg = Release|Any CPU
		{4AA0A921-D147-4435-8613-38F4241AA9D3}.Release|Any CPU.Build.0 = Release|Any CPU
		{B4759313-26C8-499B-AD4C-5C574332CC3D}.Debug|Any CPU.ActiveCfg = Debug|Any CPU
		{B4759313-26C8-499B-AD4C-5C574332CC3D}.Debug|Any CPU.Build.0 = Debug|Any CPU
		{B4759313-26C8-499B-AD4C-5C574332CC3D}.Release|Any CPU.ActiveCfg = Release|Any CPU
		{B4759313-26C8-499B-AD4C-5C574332CC3D}.Release|Any CPU.Build.0 = Release|Any CPU
		{A189E0BD-927E-4F04-9AF4-F3E98AFAA49F}.Debug|Any CPU.ActiveCfg = Debug|Any CPU
		{A189E0BD-927E-4F04-9AF4-F3E98AFAA49F}.Debug|Any CPU.Build.0 = Debug|Any CPU
		{A189E0BD-927E-4F04-9AF4-F3E98AFAA49F}.Release|Any CPU.ActiveCfg = Release|Any CPU
		{A189E0BD-927E-4F04-9AF4-F3E98AFAA49F}.Release|Any CPU.Build.0 = Release|Any CPU
	EndGlobalSection
	GlobalSection(SolutionProperties) = preSolution
		HideSolutionNode = FALSE
	EndGlobalSection
	GlobalSection(NestedProjects) = preSolution
		{72449D90-3F69-4215-BE40-78BD18ADF3EE} = {F9B74F8A-8237-493F-9539-860751AC7F38}
		{A189E0BD-927E-4F04-9AF4-F3E98AFAA49F} = {F9B74F8A-8237-493F-9539-860751AC7F38}
		{41D28229-0265-42EF-8097-0CC81B3DF983} = {CCD86AAD-284F-4C7F-AF41-22934F5C1D44}
		{A705FDB1-AD10-415E-92A4-232FB996967E} = {CCD86AAD-284F-4C7F-AF41-22934F5C1D44}
		{5998AD20-E731-40FE-A155-53531F45BC4D} = {5A8B2CC9-9529-46AE-A3D6-1C0510B17D24}
		{4AA0A921-D147-4435-8613-38F4241AA9D3} = {5A8B2CC9-9529-46AE-A3D6-1C0510B17D24}
		{B4759313-26C8-499B-AD4C-5C574332CC3D} = {5A8B2CC9-9529-46AE-A3D6-1C0510B17D24}
	EndGlobalSection
EndGlobal
